Microsoft Visual Studio Solution File, Format Version 11.00
# Visual Studio 2008

Project("{FDA94C46-B142-D763-EEF4-593313ED7E9F}") = "Move!", "Assembly-CSharp.csproj", "{9C664004-7C40-77AE-E5E3-88386D036C38}"
EndProject
Global
	GlobalSection(SolutionConfigurationPlatforms) = preSolution
		Debug|Any CPU = Debug|Any CPU
		Release|Any CPU = Release|Any CPU
	EndGlobalSection
	GlobalSection(ProjectConfigurationPlatforms) = postSolution
		{9C664004-7C40-77AE-E5E3-88386D036C38}.Debug|Any CPU.ActiveCfg = Debug|Any CPU
		{9C664004-7C40-77AE-E5E3-88386D036C38}.Debug|Any CPU.Build.0 = Debug|Any CPU
		{9C664004-7C40-77AE-E5E3-88386D036C38}.Release|Any CPU.ActiveCfg = Release|Any CPU
		{9C664004-7C40-77AE-E5E3-88386D036C38}.Release|Any CPU.Build.0 = Release|Any CPU
	EndGlobalSection
	GlobalSection(SolutionProperties) = preSolution
		HideSolutionNode = FALSE
	EndGlobalSection
	GlobalSection(MonoDevelopProperties) = preSolution
		StartupItem = Assembly-CSharp.csproj
	EndGlobalSection
EndGlobal
